// !$*UTF8*$!
{
	archiveVersion = 1;
	classes = {
	};
	objectVersion = 51;
	objects = {

/* Begin PBXBuildFile section */
		1C48D87F24340494006B887F /* User.swift in Sources */ = {isa = PBXBuildFile; fileRef = 1C48D87E24340494006B887F /* User.swift */; };
		1C48D8812434049E006B887F /* Friend.swift in Sources */ = {isa = PBXBuildFile; fileRef = 1C48D8802434049E006B887F /* Friend.swift */; };
		1C48D88324340D25006B887F /* Extensions+Date.swift in Sources */ = {isa = PBXBuildFile; fileRef = 1C48D88224340D25006B887F /* Extensions+Date.swift */; };
		1C535DD52416072C00989597 /* Home.storyboard in Resources */ = {isa = PBXBuildFile; fileRef = 1C535DD42416072C00989597 /* Home.storyboard */; };
		1C535DD72416081800989597 /* DateCell.swift in Sources */ = {isa = PBXBuildFile; fileRef = 1C535DD62416081800989597 /* DateCell.swift */; };
		1C535DDA2416086700989597 /* CalendarViewController.swift in Sources */ = {isa = PBXBuildFile; fileRef = 1C535DD92416086700989597 /* CalendarViewController.swift */; };
		1C6F5A712416C69100AC85CA /* Event.swift in Sources */ = {isa = PBXBuildFile; fileRef = 1C6F5A702416C69000AC85CA /* Event.swift */; };
		1C6F5A732416C71000AC85CA /* DateEventView.swift in Sources */ = {isa = PBXBuildFile; fileRef = 1C6F5A722416C71000AC85CA /* DateEventView.swift */; };
		1C6F5A7524174F1100AC85CA /* DateHeader.swift in Sources */ = {isa = PBXBuildFile; fileRef = 1C6F5A7424174F1100AC85CA /* DateHeader.swift */; };
		1CA492252417EC70004F3B3A /* ProfileWorkout.swift in Sources */ = {isa = PBXBuildFile; fileRef = 1CA492222417EC70004F3B3A /* ProfileWorkout.swift */; };
		1CA492262417EC70004F3B3A /* WorkoutInvitation.swift in Sources */ = {isa = PBXBuildFile; fileRef = 1CA492232417EC70004F3B3A /* WorkoutInvitation.swift */; };
		1CA492272417EC70004F3B3A /* Workout.swift in Sources */ = {isa = PBXBuildFile; fileRef = 1CA492242417EC70004F3B3A /* Workout.swift */; };
		1CA4922F2417ECE1004F3B3A /* ProfileWorkoutCell.swift in Sources */ = {isa = PBXBuildFile; fileRef = 1CA4922D2417ECE1004F3B3A /* ProfileWorkoutCell.swift */; };
		1CA492302417ECE1004F3B3A /* ProfileWorkoutExpandedCell.swift in Sources */ = {isa = PBXBuildFile; fileRef = 1CA4922E2417ECE1004F3B3A /* ProfileWorkoutExpandedCell.swift */; };
		1CA492322417F5CA004F3B3A /* HomeViewController.swift in Sources */ = {isa = PBXBuildFile; fileRef = 1CA492312417F5CA004F3B3A /* HomeViewController.swift */; };
		1CA492382418028A004F3B3A /* HomeTableViewController.swift in Sources */ = {isa = PBXBuildFile; fileRef = 1CA492372418028A004F3B3A /* HomeTableViewController.swift */; };
		1CA49240241802FE004F3B3A /* WorkoutNib.xib in Resources */ = {isa = PBXBuildFile; fileRef = 1CA49239241802FE004F3B3A /* WorkoutNib.xib */; };
		1CA49241241802FE004F3B3A /* friendListTableViewCell.xib in Resources */ = {isa = PBXBuildFile; fileRef = 1CA4923B241802FE004F3B3A /* friendListTableViewCell.xib */; };
		1CA49242241802FE004F3B3A /* addNewViewController.swift in Sources */ = {isa = PBXBuildFile; fileRef = 1CA4923C241802FE004F3B3A /* addNewViewController.swift */; };
		1CA49243241802FE004F3B3A /* friendsListTableViewController.swift in Sources */ = {isa = PBXBuildFile; fileRef = 1CA4923D241802FE004F3B3A /* friendsListTableViewController.swift */; };
		1CA49244241802FF004F3B3A /* friendListTableViewCell.swift in Sources */ = {isa = PBXBuildFile; fileRef = 1CA4923E241802FE004F3B3A /* friendListTableViewCell.swift */; };
		1CA49245241802FF004F3B3A /* WorkoutNib.swift in Sources */ = {isa = PBXBuildFile; fileRef = 1CA4923F241802FE004F3B3A /* WorkoutNib.swift */; };
		1CA8C58524117D61007A97F0 /* Profile.storyboard in Resources */ = {isa = PBXBuildFile; fileRef = 1CA8C58424117D61007A97F0 /* Profile.storyboard */; };
		1CA8C58824117ED3007A97F0 /* Calendar.storyboard in Resources */ = {isa = PBXBuildFile; fileRef = 1CA8C58624117ED3007A97F0 /* Calendar.storyboard */; };
		1CB340F5242AEB1000FBC954 /* SectionHeaderView.xib in Resources */ = {isa = PBXBuildFile; fileRef = 1CB340F4242AEB1000FBC954 /* SectionHeaderView.xib */; };
		1CB340F7242AEB3900FBC954 /* SectionHeaderView.swift in Sources */ = {isa = PBXBuildFile; fileRef = 1CB340F6242AEB3900FBC954 /* SectionHeaderView.swift */; };
		1CF3CFDD24180490002146A4 /* DataEngine.swift in Sources */ = {isa = PBXBuildFile; fileRef = 1CF3CFDC24180490002146A4 /* DataEngine.swift */; };
		1CF92D002406EC4C004EAD9B /* AppDelegate.swift in Sources */ = {isa = PBXBuildFile; fileRef = 1CF92CFF2406EC4C004EAD9B /* AppDelegate.swift */; };
		1CF92D022406EC4C004EAD9B /* SceneDelegate.swift in Sources */ = {isa = PBXBuildFile; fileRef = 1CF92D012406EC4C004EAD9B /* SceneDelegate.swift */; };
		1CF92D062406EC4C004EAD9B /* ProfileViewController.swift in Sources */ = {isa = PBXBuildFile; fileRef = 1CF92D052406EC4C004EAD9B /* ProfileViewController.swift */; };
		1CF92D092406EC4C004EAD9B /* Main.storyboard in Resources */ = {isa = PBXBuildFile; fileRef = 1CF92D072406EC4C004EAD9B /* Main.storyboard */; };
		1CF92D0B2406EC4F004EAD9B /* Assets.xcassets in Resources */ = {isa = PBXBuildFile; fileRef = 1CF92D0A2406EC4F004EAD9B /* Assets.xcassets */; };
		1CF92D0E2406EC4F004EAD9B /* LaunchScreen.storyboard in Resources */ = {isa = PBXBuildFile; fileRef = 1CF92D0C2406EC4F004EAD9B /* LaunchScreen.storyboard */; };
		42845D831F7DD7BD618C9372 /* Pods_Pulse.framework in Frameworks */ = {isa = PBXBuildFile; fileRef = 7C41C9DEE34F928FB923A34C /* Pods_Pulse.framework */; };
/* End PBXBuildFile section */

/* Begin PBXFileReference section */
		1C48D87E24340494006B887F /* User.swift */ = {isa = PBXFileReference; lastKnownFileType = sourcecode.swift; path = User.swift; sourceTree = "<group>"; };
		1C48D8802434049E006B887F /* Friend.swift */ = {isa = PBXFileReference; lastKnownFileType = sourcecode.swift; path = Friend.swift; sourceTree = "<group>"; };
		1C48D88224340D25006B887F /* Extensions+Date.swift */ = {isa = PBXFileReference; lastKnownFileType = sourcecode.swift; path = "Extensions+Date.swift"; sourceTree = "<group>"; };
		1C535DD42416072C00989597 /* Home.storyboard */ = {isa = PBXFileReference; fileEncoding = 4; lastKnownFileType = file.storyboard; path = Home.storyboard; sourceTree = "<group>"; };
		1C535DD62416081800989597 /* DateCell.swift */ = {isa = PBXFileReference; lastKnownFileType = sourcecode.swift; path = DateCell.swift; sourceTree = "<group>"; };
		1C535DD92416086700989597 /* CalendarViewController.swift */ = {isa = PBXFileReference; lastKnownFileType = sourcecode.swift; path = CalendarViewController.swift; sourceTree = "<group>"; };
		1C6F5A702416C69000AC85CA /* Event.swift */ = {isa = PBXFileReference; lastKnownFileType = sourcecode.swift; path = Event.swift; sourceTree = "<group>"; };
		1C6F5A722416C71000AC85CA /* DateEventView.swift */ = {isa = PBXFileReference; lastKnownFileType = sourcecode.swift; path = DateEventView.swift; sourceTree = "<group>"; };
		1C6F5A7424174F1100AC85CA /* DateHeader.swift */ = {isa = PBXFileReference; lastKnownFileType = sourcecode.swift; path = DateHeader.swift; sourceTree = "<group>"; };
		1CA492222417EC70004F3B3A /* ProfileWorkout.swift */ = {isa = PBXFileReference; fileEncoding = 4; lastKnownFileType = sourcecode.swift; path = ProfileWorkout.swift; sourceTree = "<group>"; };
		1CA492232417EC70004F3B3A /* WorkoutInvitation.swift */ = {isa = PBXFileReference; fileEncoding = 4; lastKnownFileType = sourcecode.swift; path = WorkoutInvitation.swift; sourceTree = "<group>"; };
		1CA492242417EC70004F3B3A /* Workout.swift */ = {isa = PBXFileReference; fileEncoding = 4; lastKnownFileType = sourcecode.swift; path = Workout.swift; sourceTree = "<group>"; };
		1CA4922D2417ECE1004F3B3A /* ProfileWorkoutCell.swift */ = {isa = PBXFileReference; fileEncoding = 4; lastKnownFileType = sourcecode.swift; path = ProfileWorkoutCell.swift; sourceTree = "<group>"; };
		1CA4922E2417ECE1004F3B3A /* ProfileWorkoutExpandedCell.swift */ = {isa = PBXFileReference; fileEncoding = 4; lastKnownFileType = sourcecode.swift; path = ProfileWorkoutExpandedCell.swift; sourceTree = "<group>"; };
		1CA492312417F5CA004F3B3A /* HomeViewController.swift */ = {isa = PBXFileReference; lastKnownFileType = sourcecode.swift; path = HomeViewController.swift; sourceTree = "<group>"; };
		1CA492372418028A004F3B3A /* HomeTableViewController.swift */ = {isa = PBXFileReference; lastKnownFileType = sourcecode.swift; path = HomeTableViewController.swift; sourceTree = "<group>"; };
		1CA49239241802FE004F3B3A /* WorkoutNib.xib */ = {isa = PBXFileReference; fileEncoding = 4; lastKnownFileType = file.xib; path = WorkoutNib.xib; sourceTree = "<group>"; };
		1CA4923B241802FE004F3B3A /* friendListTableViewCell.xib */ = {isa = PBXFileReference; fileEncoding = 4; lastKnownFileType = file.xib; path = friendListTableViewCell.xib; sourceTree = "<group>"; };
		1CA4923C241802FE004F3B3A /* addNewViewController.swift */ = {isa = PBXFileReference; fileEncoding = 4; lastKnownFileType = sourcecode.swift; path = addNewViewController.swift; sourceTree = "<group>"; };
		1CA4923D241802FE004F3B3A /* friendsListTableViewController.swift */ = {isa = PBXFileReference; fileEncoding = 4; lastKnownFileType = sourcecode.swift; path = friendsListTableViewController.swift; sourceTree = "<group>"; };
		1CA4923E241802FE004F3B3A /* friendListTableViewCell.swift */ = {isa = PBXFileReference; fileEncoding = 4; lastKnownFileType = sourcecode.swift; path = friendListTableViewCell.swift; sourceTree = "<group>"; };
		1CA4923F241802FE004F3B3A /* WorkoutNib.swift */ = {isa = PBXFileReference; fileEncoding = 4; lastKnownFileType = sourcecode.swift; path = WorkoutNib.swift; sourceTree = "<group>"; };
		1CA8C58424117D61007A97F0 /* Profile.storyboard */ = {isa = PBXFileReference; fileEncoding = 4; lastKnownFileType = file.storyboard; path = Profile.storyboard; sourceTree = "<group>"; };
		1CA8C58724117ED3007A97F0 /* Base */ = {isa = PBXFileReference; lastKnownFileType = file.storyboard; name = Base; path = Base.lproj/Calendar.storyboard; sourceTree = "<group>"; };
		1CB340F4242AEB1000FBC954 /* SectionHeaderView.xib */ = {isa = PBXFileReference; lastKnownFileType = file.xib; path = SectionHeaderView.xib; sourceTree = "<group>"; };
		1CB340F6242AEB3900FBC954 /* SectionHeaderView.swift */ = {isa = PBXFileReference; lastKnownFileType = sourcecode.swift; path = SectionHeaderView.swift; sourceTree = "<group>"; };
		1CF3CFDC24180490002146A4 /* DataEngine.swift */ = {isa = PBXFileReference; lastKnownFileType = sourcecode.swift; path = DataEngine.swift; sourceTree = "<group>"; };
		1CF92CFC2406EC4C004EAD9B /* Pulse.app */ = {isa = PBXFileReference; explicitFileType = wrapper.application; includeInIndex = 0; path = Pulse.app; sourceTree = BUILT_PRODUCTS_DIR; };
		1CF92CFF2406EC4C004EAD9B /* AppDelegate.swift */ = {isa = PBXFileReference; lastKnownFileType = sourcecode.swift; path = AppDelegate.swift; sourceTree = "<group>"; };
		1CF92D012406EC4C004EAD9B /* SceneDelegate.swift */ = {isa = PBXFileReference; lastKnownFileType = sourcecode.swift; path = SceneDelegate.swift; sourceTree = "<group>"; };
		1CF92D052406EC4C004EAD9B /* ProfileViewController.swift */ = {isa = PBXFileReference; lastKnownFileType = sourcecode.swift; path = ProfileViewController.swift; sourceTree = "<group>"; };
		1CF92D082406EC4C004EAD9B /* Base */ = {isa = PBXFileReference; lastKnownFileType = file.storyboard; name = Base; path = Base.lproj/Main.storyboard; sourceTree = "<group>"; };
		1CF92D0A2406EC4F004EAD9B /* Assets.xcassets */ = {isa = PBXFileReference; lastKnownFileType = folder.assetcatalog; path = Assets.xcassets; sourceTree = "<group>"; };
		1CF92D0D2406EC4F004EAD9B /* Base */ = {isa = PBXFileReference; lastKnownFileType = file.storyboard; name = Base; path = Base.lproj/LaunchScreen.storyboard; sourceTree = "<group>"; };
		1CF92D0F2406EC4F004EAD9B /* Info.plist */ = {isa = PBXFileReference; lastKnownFileType = text.plist.xml; path = Info.plist; sourceTree = "<group>"; };
		7C41C9DEE34F928FB923A34C /* Pods_Pulse.framework */ = {isa = PBXFileReference; explicitFileType = wrapper.framework; includeInIndex = 0; path = Pods_Pulse.framework; sourceTree = BUILT_PRODUCTS_DIR; };
		7E65C16560AEC8CC963C12C7 /* Pods-Pulse.debug.xcconfig */ = {isa = PBXFileReference; includeInIndex = 1; lastKnownFileType = text.xcconfig; name = "Pods-Pulse.debug.xcconfig"; path = "Target Support Files/Pods-Pulse/Pods-Pulse.debug.xcconfig"; sourceTree = "<group>"; };
		D47BF7A64CA61178ECE93729 /* Pods-Pulse.release.xcconfig */ = {isa = PBXFileReference; includeInIndex = 1; lastKnownFileType = text.xcconfig; name = "Pods-Pulse.release.xcconfig"; path = "Target Support Files/Pods-Pulse/Pods-Pulse.release.xcconfig"; sourceTree = "<group>"; };
/* End PBXFileReference section */

/* Begin PBXFrameworksBuildPhase section */
		1CF92CF92406EC4C004EAD9B /* Frameworks */ = {
			isa = PBXFrameworksBuildPhase;
			buildActionMask = 2147483647;
			files = (
				42845D831F7DD7BD618C9372 /* Pods_Pulse.framework in Frameworks */,
			);
			runOnlyForDeploymentPostprocessing = 0;
		};
/* End PBXFrameworksBuildPhase section */

/* Begin PBXGroup section */
		1C535DD82416085900989597 /* Calendar */ = {
			isa = PBXGroup;
			children = (
				1CA8C58624117ED3007A97F0 /* Calendar.storyboard */,
				1C535DD62416081800989597 /* DateCell.swift */,
				1C535DD92416086700989597 /* CalendarViewController.swift */,
				1C6F5A722416C71000AC85CA /* DateEventView.swift */,
				1C6F5A7424174F1100AC85CA /* DateHeader.swift */,
			);
			path = Calendar;
			sourceTree = "<group>";
		};
		1C6F5A6F2416C67B00AC85CA /* Models */ = {
			isa = PBXGroup;
			children = (
				1C6F5A702416C69000AC85CA /* Event.swift */,
				1CA492222417EC70004F3B3A /* ProfileWorkout.swift */,
				1CA492242417EC70004F3B3A /* Workout.swift */,
				1CA492232417EC70004F3B3A /* WorkoutInvitation.swift */,
				1CF3CFDC24180490002146A4 /* DataEngine.swift */,
				1C48D87E24340494006B887F /* User.swift */,
				1C48D8802434049E006B887F /* Friend.swift */,
			);
			path = Models;
			sourceTree = "<group>";
		};
		1CA492202417EB40004F3B3A /* Profile */ = {
			isa = PBXGroup;
			children = (
				1CA8C58424117D61007A97F0 /* Profile.storyboard */,
				1CF92D052406EC4C004EAD9B /* ProfileViewController.swift */,
			);
			path = Profile;
			sourceTree = "<group>";
		};
		1CA492212417EB4D004F3B3A /* Home */ = {
			isa = PBXGroup;
			children = (
				1CA4923A241802FE004F3B3A /* Pop up */,
				1C535DD42416072C00989597 /* Home.storyboard */,
				1CA4923F241802FE004F3B3A /* WorkoutNib.swift */,
				1CA49239241802FE004F3B3A /* WorkoutNib.xib */,
				1CA492312417F5CA004F3B3A /* HomeViewController.swift */,
				1CA492372418028A004F3B3A /* HomeTableViewController.swift */,
				1CB340F4242AEB1000FBC954 /* SectionHeaderView.xib */,
				1CB340F6242AEB3900FBC954 /* SectionHeaderView.swift */,
			);
			path = Home;
			sourceTree = "<group>";
		};
		1CA492292417ECAD004F3B3A /* Core */ = {
			isa = PBXGroup;
			children = (
				1C6F5A6F2416C67B00AC85CA /* Models */,
				1C48D88224340D25006B887F /* Extensions+Date.swift */,
			);
			path = Core;
			sourceTree = "<group>";
		};
		1CA4922A2417ECB5004F3B3A /* CoreUI */ = {
			isa = PBXGroup;
			children = (
				1CA4922C2417ECD0004F3B3A /* Cells */,
			);
			path = CoreUI;
			sourceTree = "<group>";
		};
		1CA4922B2417ECBC004F3B3A /* Sections */ = {
			isa = PBXGroup;
			children = (
				1CA492212417EB4D004F3B3A /* Home */,
				1C535DD82416085900989597 /* Calendar */,
				1CA492202417EB40004F3B3A /* Profile */,
			);
			path = Sections;
			sourceTree = "<group>";
		};
		1CA4922C2417ECD0004F3B3A /* Cells */ = {
			isa = PBXGroup;
			children = (
				1CA4922D2417ECE1004F3B3A /* ProfileWorkoutCell.swift */,
				1CA4922E2417ECE1004F3B3A /* ProfileWorkoutExpandedCell.swift */,
			);
			path = Cells;
			sourceTree = "<group>";
		};
		1CA4923A241802FE004F3B3A /* Pop up */ = {
			isa = PBXGroup;
			children = (
				1CA4923B241802FE004F3B3A /* friendListTableViewCell.xib */,
				1CA4923C241802FE004F3B3A /* addNewViewController.swift */,
				1CA4923D241802FE004F3B3A /* friendsListTableViewController.swift */,
				1CA4923E241802FE004F3B3A /* friendListTableViewCell.swift */,
			);
			path = "Pop up";
			sourceTree = "<group>";
		};
		1CF92CF32406EC4C004EAD9B = {
			isa = PBXGroup;
			children = (
				1CF92CFE2406EC4C004EAD9B /* Pulse */,
				1CF92CFD2406EC4C004EAD9B /* Products */,
				2BA39B7E02A01BE76FE3E340 /* Pods */,
				F246A9C4A39E5248D4FA1C4F /* Frameworks */,
			);
			sourceTree = "<group>";
		};
		1CF92CFD2406EC4C004EAD9B /* Products */ = {
			isa = PBXGroup;
			children = (
				1CF92CFC2406EC4C004EAD9B /* Pulse.app */,
			);
			name = Products;
			sourceTree = "<group>";
		};
		1CF92CFE2406EC4C004EAD9B /* Pulse */ = {
			isa = PBXGroup;
			children = (
				1CA492292417ECAD004F3B3A /* Core */,
				1CA4922A2417ECB5004F3B3A /* CoreUI */,
				1CA4922B2417ECBC004F3B3A /* Sections */,
				1CF92CFF2406EC4C004EAD9B /* AppDelegate.swift */,
				1CF92D012406EC4C004EAD9B /* SceneDelegate.swift */,
				1CF92D072406EC4C004EAD9B /* Main.storyboard */,
				1CF92D0A2406EC4F004EAD9B /* Assets.xcassets */,
				1CF92D0C2406EC4F004EAD9B /* LaunchScreen.storyboard */,
				1CF92D0F2406EC4F004EAD9B /* Info.plist */,
			);
			path = Pulse;
			sourceTree = "<group>";
		};
		2BA39B7E02A01BE76FE3E340 /* Pods */ = {
			isa = PBXGroup;
			children = (
				7E65C16560AEC8CC963C12C7 /* Pods-Pulse.debug.xcconfig */,
				D47BF7A64CA61178ECE93729 /* Pods-Pulse.release.xcconfig */,
			);
			path = Pods;
			sourceTree = "<group>";
		};
		F246A9C4A39E5248D4FA1C4F /* Frameworks */ = {
			isa = PBXGroup;
			children = (
				7C41C9DEE34F928FB923A34C /* Pods_Pulse.framework */,
			);
			name = Frameworks;
			sourceTree = "<group>";
		};
/* End PBXGroup section */

/* Begin PBXNativeTarget section */
		1CF92CFB2406EC4C004EAD9B /* Pulse */ = {
			isa = PBXNativeTarget;
			buildConfigurationList = 1CF92D122406EC4F004EAD9B /* Build configuration list for PBXNativeTarget "Pulse" */;
			buildPhases = (
				87C414A19AA935F41403AC58 /* [CP] Check Pods Manifest.lock */,
				1CF92CF82406EC4C004EAD9B /* Sources */,
				1CF92CF92406EC4C004EAD9B /* Frameworks */,
				1CF92CFA2406EC4C004EAD9B /* Resources */,
				399FD4065845DB52E706EE59 /* [CP] Embed Pods Frameworks */,
			);
			buildRules = (
			);
			dependencies = (
			);
			name = Pulse;
			productName = Pulse;
			productReference = 1CF92CFC2406EC4C004EAD9B /* Pulse.app */;
			productType = "com.apple.product-type.application";
		};
/* End PBXNativeTarget section */

/* Begin PBXProject section */
		1CF92CF42406EC4C004EAD9B /* Project object */ = {
			isa = PBXProject;
			attributes = {
				LastSwiftUpdateCheck = 1130;
				LastUpgradeCheck = 1130;
				ORGANIZATIONNAME = "Tamir Arnesty";
				TargetAttributes = {
					1CF92CFB2406EC4C004EAD9B = {
						CreatedOnToolsVersion = 11.3.1;
					};
				};
			};
			buildConfigurationList = 1CF92CF72406EC4C004EAD9B /* Build configuration list for PBXProject "Pulse" */;
			compatibilityVersion = "Xcode 9.3";
			developmentRegion = en;
			hasScannedForEncodings = 0;
			knownRegions = (
				en,
				Base,
			);
			mainGroup = 1CF92CF32406EC4C004EAD9B;
			productRefGroup = 1CF92CFD2406EC4C004EAD9B /* Products */;
			projectDirPath = "";
			projectRoot = "";
			targets = (
				1CF92CFB2406EC4C004EAD9B /* Pulse */,
			);
		};
/* End PBXProject section */

/* Begin PBXResourcesBuildPhase section */
		1CF92CFA2406EC4C004EAD9B /* Resources */ = {
			isa = PBXResourcesBuildPhase;
			buildActionMask = 2147483647;
			files = (
				1CA8C58824117ED3007A97F0 /* Calendar.storyboard in Resources */,
				1CF92D0E2406EC4F004EAD9B /* LaunchScreen.storyboard in Resources */,
				1CA49240241802FE004F3B3A /* WorkoutNib.xib in Resources */,
				1CA49241241802FE004F3B3A /* friendListTableViewCell.xib in Resources */,
				1CB340F5242AEB1000FBC954 /* SectionHeaderView.xib in Resources */,
				1CF92D0B2406EC4F004EAD9B /* Assets.xcassets in Resources */,
				1C535DD52416072C00989597 /* Home.storyboard in Resources */,
				1CA8C58524117D61007A97F0 /* Profile.storyboard in Resources */,
				1CF92D092406EC4C004EAD9B /* Main.storyboard in Resources */,
			);
			runOnlyForDeploymentPostprocessing = 0;
		};
/* End PBXResourcesBuildPhase section */

/* Begin PBXShellScriptBuildPhase section */
		399FD4065845DB52E706EE59 /* [CP] Embed Pods Frameworks */ = {
			isa = PBXShellScriptBuildPhase;
			buildActionMask = 2147483647;
			files = (
			);
			inputFileListPaths = (
				"${PODS_ROOT}/Target Support Files/Pods-Pulse/Pods-Pulse-frameworks-${CONFIGURATION}-input-files.xcfilelist",
			);
			name = "[CP] Embed Pods Frameworks";
			outputFileListPaths = (
				"${PODS_ROOT}/Target Support Files/Pods-Pulse/Pods-Pulse-frameworks-${CONFIGURATION}-output-files.xcfilelist",
			);
			runOnlyForDeploymentPostprocessing = 0;
			shellPath = /bin/sh;
			shellScript = "\"${PODS_ROOT}/Target Support Files/Pods-Pulse/Pods-Pulse-frameworks.sh\"\n";
			showEnvVarsInLog = 0;
		};
		87C414A19AA935F41403AC58 /* [CP] Check Pods Manifest.lock */ = {
			isa = PBXShellScriptBuildPhase;
			buildActionMask = 2147483647;
			files = (
			);
			inputFileListPaths = (
			);
			inputPaths = (
				"${PODS_PODFILE_DIR_PATH}/Podfile.lock",
				"${PODS_ROOT}/Manifest.lock",
			);
			name = "[CP] Check Pods Manifest.lock";
			outputFileListPaths = (
			);
			outputPaths = (
				"$(DERIVED_FILE_DIR)/Pods-Pulse-checkManifestLockResult.txt",
			);
			runOnlyForDeploymentPostprocessing = 0;
			shellPath = /bin/sh;
			shellScript = "diff \"${PODS_PODFILE_DIR_PATH}/Podfile.lock\" \"${PODS_ROOT}/Manifest.lock\" > /dev/null\nif [ $? != 0 ] ; then\n    # print error to STDERR\n    echo \"error: The sandbox is not in sync with the Podfile.lock. Run 'pod install' or update your CocoaPods installation.\" >&2\n    exit 1\nfi\n# This output is used by Xcode 'outputs' to avoid re-running this script phase.\necho \"SUCCESS\" > \"${SCRIPT_OUTPUT_FILE_0}\"\n";
			showEnvVarsInLog = 0;
		};
/* End PBXShellScriptBuildPhase section */

/* Begin PBXSourcesBuildPhase section */
		1CF92CF82406EC4C004EAD9B /* Sources */ = {
			isa = PBXSourcesBuildPhase;
			buildActionMask = 2147483647;
			files = (
				1C535DDA2416086700989597 /* CalendarViewController.swift in Sources */,
				1C6F5A732416C71000AC85CA /* DateEventView.swift in Sources */,
				1CF92D062406EC4C004EAD9B /* ProfileViewController.swift in Sources */,
				1CA49244241802FF004F3B3A /* friendListTableViewCell.swift in Sources */,
				1CB340F7242AEB3900FBC954 /* SectionHeaderView.swift in Sources */,
				1C6F5A7524174F1100AC85CA /* DateHeader.swift in Sources */,
				1C535DD72416081800989597 /* DateCell.swift in Sources */,
				1CA492322417F5CA004F3B3A /* HomeViewController.swift in Sources */,
				1CA492262417EC70004F3B3A /* WorkoutInvitation.swift in Sources */,
				1C48D88324340D25006B887F /* Extensions+Date.swift in Sources */,
				1CA49242241802FE004F3B3A /* addNewViewController.swift in Sources */,
				1C48D87F24340494006B887F /* User.swift in Sources */,
				1CF92D002406EC4C004EAD9B /* AppDelegate.swift in Sources */,
				1CA492302417ECE1004F3B3A /* ProfileWorkoutExpandedCell.swift in Sources */,
				1CF3CFDD24180490002146A4 /* DataEngine.swift in Sources */,
				1CA49243241802FE004F3B3A /* friendsListTableViewController.swift in Sources */,
				1CA492382418028A004F3B3A /* HomeTableViewController.swift in Sources */,
				1CA49245241802FF004F3B3A /* WorkoutNib.swift in Sources */,
				1C6F5A712416C69100AC85CA /* Event.swift in Sources */,
				1CA4922F2417ECE1004F3B3A /* ProfileWorkoutCell.swift in Sources */,
				1C48D8812434049E006B887F /* Friend.swift in Sources */,
				1CF92D022406EC4C004EAD9B /* SceneDelegate.swift in Sources */,
				1CA492252417EC70004F3B3A /* ProfileWorkout.swift in Sources */,
				1CA492272417EC70004F3B3A /* Workout.swift in Sources */,
			);
			runOnlyForDeploymentPostprocessing = 0;
		};
/* End PBXSourcesBuildPhase section */

/* Begin PBXVariantGroup section */
		1CA8C58624117ED3007A97F0 /* Calendar.storyboard */ = {
			isa = PBXVariantGroup;
			children = (
				1CA8C58724117ED3007A97F0 /* Base */,
			);
			name = Calendar.storyboard;
			sourceTree = "<group>";
		};
		1CF92D072406EC4C004EAD9B /* Main.storyboard */ = {
			isa = PBXVariantGroup;
			children = (
				1CF92D082406EC4C004EAD9B /* Base */,
			);
			name = Main.storyboard;
			sourceTree = "<group>";
		};
		1CF92D0C2406EC4F004EAD9B /* LaunchScreen.storyboard */ = {
			isa = PBXVariantGroup;
			children = (
				1CF92D0D2406EC4F004EAD9B /* Base */,
			);
			name = LaunchScreen.storyboard;
			sourceTree = "<group>";
		};
/* End PBXVariantGroup section */

/* Begin XCBuildConfiguration section */
		1CF92D102406EC4F004EAD9B /* Debug */ = {
			isa = XCBuildConfiguration;
			buildSettings = {
				ALWAYS_SEARCH_USER_PATHS = NO;
				CLANG_ANALYZER_NONNULL = YES;
				CLANG_ANALYZER_NUMBER_OBJECT_CONVERSION = YES_AGGRESSIVE;
				CLANG_CXX_LANGUAGE_STANDARD = "gnu++14";
				CLANG_CXX_LIBRARY = "libc++";
				CLANG_ENABLE_MODULES = YES;
				CLANG_ENABLE_OBJC_ARC = YES;
				CLANG_ENABLE_OBJC_WEAK = YES;
				CLANG_WARN_BLOCK_CAPTURE_AUTORELEASING = YES;
				CLANG_WARN_BOOL_CONVERSION = YES;
				CLANG_WARN_COMMA = YES;
				CLANG_WARN_CONSTANT_CONVERSION = YES;
				CLANG_WARN_DEPRECATED_OBJC_IMPLEMENTATIONS = YES;
				CLANG_WARN_DIRECT_OBJC_ISA_USAGE = YES_ERROR;
				CLANG_WARN_DOCUMENTATION_COMMENTS = YES;
				CLANG_WARN_EMPTY_BODY = YES;
				CLANG_WARN_ENUM_CONVERSION = YES;
				CLANG_WARN_INFINITE_RECURSION = YES;
				CLANG_WARN_INT_CONVERSION = YES;
				CLANG_WARN_NON_LITERAL_NULL_CONVERSION = YES;
				CLANG_WARN_OBJC_IMPLICIT_RETAIN_SELF = YES;
				CLANG_WARN_OBJC_LITERAL_CONVERSION = YES;
				CLANG_WARN_OBJC_ROOT_CLASS = YES_ERROR;
				CLANG_WARN_RANGE_LOOP_ANALYSIS = YES;
				CLANG_WARN_STRICT_PROTOTYPES = YES;
				CLANG_WARN_SUSPICIOUS_MOVE = YES;
				CLANG_WARN_UNGUARDED_AVAILABILITY = YES_AGGRESSIVE;
				CLANG_WARN_UNREACHABLE_CODE = YES;
				CLANG_WARN__DUPLICATE_METHOD_MATCH = YES;
				COPY_PHASE_STRIP = NO;
				DEBUG_INFORMATION_FORMAT = dwarf;
				ENABLE_STRICT_OBJC_MSGSEND = YES;
				ENABLE_TESTABILITY = YES;
				GCC_C_LANGUAGE_STANDARD = gnu11;
				GCC_DYNAMIC_NO_PIC = NO;
				GCC_NO_COMMON_BLOCKS = YES;
				GCC_OPTIMIZATION_LEVEL = 0;
				GCC_PREPROCESSOR_DEFINITIONS = (
					"DEBUG=1",
					"$(inherited)",
				);
				GCC_WARN_64_TO_32_BIT_CONVERSION = YES;
				GCC_WARN_ABOUT_RETURN_TYPE = YES_ERROR;
				GCC_WARN_UNDECLARED_SELECTOR = YES;
				GCC_WARN_UNINITIALIZED_AUTOS = YES_AGGRESSIVE;
				GCC_WARN_UNUSED_FUNCTION = YES;
				GCC_WARN_UNUSED_VARIABLE = YES;
				IPHONEOS_DEPLOYMENT_TARGET = 13.2;
				MTL_ENABLE_DEBUG_INFO = INCLUDE_SOURCE;
				MTL_FAST_MATH = YES;
				ONLY_ACTIVE_ARCH = YES;
				SDKROOT = iphoneos;
				SWIFT_ACTIVE_COMPILATION_CONDITIONS = DEBUG;
				SWIFT_OPTIMIZATION_LEVEL = "-Onone";
			};
			name = Debug;
		};
		1CF92D112406EC4F004EAD9B /* Release */ = {
			isa = XCBuildConfiguration;
			buildSettings = {
				ALWAYS_SEARCH_USER_PATHS = NO;
				CLANG_ANALYZER_NONNULL = YES;
				CLANG_ANALYZER_NUMBER_OBJECT_CONVERSION = YES_AGGRESSIVE;
				CLANG_CXX_LANGUAGE_STANDARD = "gnu++14";
				CLANG_CXX_LIBRARY = "libc++";
				CLANG_ENABLE_MODULES = YES;
				CLANG_ENABLE_OBJC_ARC = YES;
				CLANG_ENABLE_OBJC_WEAK = YES;
				CLANG_WARN_BLOCK_CAPTURE_AUTORELEASING = YES;
				CLANG_WARN_BOOL_CONVERSION = YES;
				CLANG_WARN_COMMA = YES;
				CLANG_WARN_CONSTANT_CONVERSION = YES;
				CLANG_WARN_DEPRECATED_OBJC_IMPLEMENTATIONS = YES;
				CLANG_WARN_DIRECT_OBJC_ISA_USAGE = YES_ERROR;
				CLANG_WARN_DOCUMENTATION_COMMENTS = YES;
				CLANG_WARN_EMPTY_BODY = YES;
				CLANG_WARN_ENUM_CONVERSION = YES;
				CLANG_WARN_INFINITE_RECURSION = YES;
				CLANG_WARN_INT_CONVERSION = YES;
				CLANG_WARN_NON_LITERAL_NULL_CONVERSION = YES;
				CLANG_WARN_OBJC_IMPLICIT_RETAIN_SELF = YES;
				CLANG_WARN_OBJC_LITERAL_CONVERSION = YES;
				CLANG_WARN_OBJC_ROOT_CLASS = YES_ERROR;
				CLANG_WARN_RANGE_LOOP_ANALYSIS = YES;
				CLANG_WARN_STRICT_PROTOTYPES = YES;
				CLANG_WARN_SUSPICIOUS_MOVE = YES;
				CLANG_WARN_UNGUARDED_AVAILABILITY = YES_AGGRESSIVE;
				CLANG_WARN_UNREACHABLE_CODE = YES;
				CLANG_WARN__DUPLICATE_METHOD_MATCH = YES;
				COPY_PHASE_STRIP = NO;
				DEBUG_INFORMATION_FORMAT = "dwarf-with-dsym";
				ENABLE_NS_ASSERTIONS = NO;
				ENABLE_STRICT_OBJC_MSGSEND = YES;
				GCC_C_LANGUAGE_STANDARD = gnu11;
				GCC_NO_COMMON_BLOCKS = YES;
				GCC_WARN_64_TO_32_BIT_CONVERSION = YES;
				GCC_WARN_ABOUT_RETURN_TYPE = YES_ERROR;
				GCC_WARN_UNDECLARED_SELECTOR = YES;
				GCC_WARN_UNINITIALIZED_AUTOS = YES_AGGRESSIVE;
				GCC_WARN_UNUSED_FUNCTION = YES;
				GCC_WARN_UNUSED_VARIABLE = YES;
				IPHONEOS_DEPLOYMENT_TARGET = 13.2;
				MTL_ENABLE_DEBUG_INFO = NO;
				MTL_FAST_MATH = YES;
				SDKROOT = iphoneos;
				SWIFT_COMPILATION_MODE = wholemodule;
				SWIFT_OPTIMIZATION_LEVEL = "-O";
				VALIDATE_PRODUCT = YES;
			};
			name = Release;
		};
		1CF92D132406EC4F004EAD9B /* Debug */ = {
			isa = XCBuildConfiguration;
			baseConfigurationReference = 7E65C16560AEC8CC963C12C7 /* Pods-Pulse.debug.xcconfig */;
			buildSettings = {
				ASSETCATALOG_COMPILER_APPICON_NAME = AppIcon;
				CODE_SIGN_STYLE = Automatic;
				DEVELOPMENT_TEAM = V32DETHULC;
				INFOPLIST_FILE = Pulse/Info.plist;
				LD_RUNPATH_SEARCH_PATHS = (
					"$(inherited)",
					"@executable_path/Frameworks",
				);
				PRODUCT_BUNDLE_IDENTIFIER = com.Solutions.Pulse;
				PRODUCT_NAME = "$(TARGET_NAME)";
				SWIFT_VERSION = 5.0;
				TARGETED_DEVICE_FAMILY = "1,2";
			};
			name = Debug;
		};
		1CF92D142406EC4F004EAD9B /* Release */ = {
			isa = XCBuildConfiguration;
			baseConfigurationReference = D47BF7A64CA61178ECE93729 /* Pods-Pulse.release.xcconfig */;
			buildSettings = {
				ASSETCATALOG_COMPILER_APPICON_NAME = AppIcon;
				CODE_SIGN_STYLE = Automatic;
				DEVELOPMENT_TEAM = V32DETHULC;
				INFOPLIST_FILE = Pulse/Info.plist;
				LD_RUNPATH_SEARCH_PATHS = (
					"$(inherited)",
					"@executable_path/Frameworks",
				);
				PRODUCT_BUNDLE_IDENTIFIER = com.Solutions.Pulse;
				PRODUCT_NAME = "$(TARGET_NAME)";
				SWIFT_VERSION = 5.0;
				TARGETED_DEVICE_FAMILY = "1,2";
			};
			name = Release;
		};
/* End XCBuildConfiguration section */

/* Begin XCConfigurationList section */
		1CF92CF72406EC4C004EAD9B /* Build configuration list for PBXProject "Pulse" */ = {
			isa = XCConfigurationList;
			buildConfigurations = (
				1CF92D102406EC4F004EAD9B /* Debug */,
				1CF92D112406EC4F004EAD9B /* Release */,
			);
			defaultConfigurationIsVisible = 0;
			defaultConfigurationName = Release;
		};
		1CF92D122406EC4F004EAD9B /* Build configuration list for PBXNativeTarget "Pulse" */ = {
			isa = XCConfigurationList;
			buildConfigurations = (
				1CF92D132406EC4F004EAD9B /* Debug */,
				1CF92D142406EC4F004EAD9B /* Release */,
			);
			defaultConfigurationIsVisible = 0;
			defaultConfigurationName = Release;
		};
/* End XCConfigurationList section */
	};
	rootObject = 1CF92CF42406EC4C004EAD9B /* Project object */;
}
